
Microsoft Visual Studio Solution File, Format Version 12.00
# Visual Studio Version 17
VisualStudioVersion = 17.3.32901.215
MinimumVisualStudioVersion = 10.0.40219.1
Project("{8BC9CEB8-8B4A-11D0-8D11-00A0C91BC942}") = "LAB 8", "LAB 8\LAB 8.vcxproj", "{295F6746-1389-4BE5-8DC1-D39AF7A7FE33}"
EndProject
Global
	GlobalSection(SolutionConfigurationPlatforms) = preSolution
		Debug|x64 = Debug|x64
		Debug|x86 = Debug|x86
		Release|x64 = Release|x64
		Release|x86 = Release|x86
	EndGlobalSection
	GlobalSection(ProjectConfigurationPlatforms) = postSolution
		{295F6746-1389-4BE5-8DC1-D39AF7A7FE33}.Debug|x64.ActiveCfg = Debug|x64
		{295F6746-1389-4BE5-8DC1-D39AF7A7FE33}.Debug|x64.Build.0 = Debug|x64
		{295F6746-1389-4BE5-8DC1-D39AF7A7FE33}.Debug|x86.ActiveCfg = Debug|Win32
		{295F6746-1389-4BE5-8DC1-D39AF7A7FE33}.Debug|x86.Build.0 = Debug|Win32
		{295F6746-1389-4BE5-8DC1-D39AF7A7FE33}.Release|x64.ActiveCfg = Release|x64
		{295F6746-1389-4BE5-8DC1-D39AF7A7FE33}.Release|x64.Build.0 = Release|x64
		{295F6746-1389-4BE5-8DC1-D39AF7A7FE33}.Release|x86.ActiveCfg = Release|Win32
		{295F6746-1389-4BE5-8DC1-D39AF7A7FE33}.Release|x86.Build.0 = Release|Win32
	EndGlobalSection
	GlobalSection(SolutionProperties) = preSolution
		HideSolutionNode = FALSE
	EndGlobalSection
	GlobalSection(ExtensibilityGlobals) = postSolution
		SolutionGuid = {EB2E2686-B153-4E1C-9B72-2A7E75818BF0}
	EndGlobalSection
EndGlobal
